# THIS IS AN AUTOGENERATED FILE. DO NOT EDIT THIS FILE DIRECTLY.
# yarn lockfile v1


"@types/cannon@^0.1.4":
  version "0.1.4"
  resolved "https://registry.yarnpkg.com/@types/cannon/-/cannon-0.1.4.tgz#71ef5dee4b9095adc3788afb8555dd6b7e29bad9"
  integrity sha512-Du7ylapwErz90Q9g9RXzieg5EV6rcuCDMHkVX9mXbFEjhFcWKYA5QcBWz95mqYQxrcU5ukZMBhmeNqww953cfA==

"@types/lodash@^4.14.144":
  version "4.14.144"
  resolved "https://registry.yarnpkg.com/@types/lodash/-/lodash-4.14.144.tgz#12e57fc99064bce45e5ab3c8bc4783feb75eab8e"
  integrity sha512-ogI4g9W5qIQQUhXAclq6zhqgqNUr7UlFaqDHbch7WLSLeeM/7d3CRaw7GLajxvyFvhJqw4Rpcz5bhoaYtIx6Tg==

"@types/node@*":
  version "12.12.6"
  resolved "https://registry.yarnpkg.com/@types/node/-/node-12.12.6.tgz#a47240c10d86a9a57bb0c633f0b2e0aea9ce9253"
  integrity sha512-FjsYUPzEJdGXjwKqSpE0/9QEh6kzhTAeObA54rn6j3rR4C/mzpI9L0KNfoeASSPMMdxIsoJuCLDWcM/rVjIsSA==

"@types/uuid@^3.4.6":
  version "3.4.6"
  resolved "https://registry.yarnpkg.com/@types/uuid/-/uuid-3.4.6.tgz#d2c4c48eb85a757bf2927f75f939942d521e3016"
  integrity sha512-cCdlC/1kGEZdEglzOieLDYBxHsvEOIg7kp/2FYyVR9Pxakq+Qf/inL3RKQ+PA8gOlI/NnL+fXmQH12nwcGzsHw==
  dependencies:
    "@types/node" "*"

cannon@^0.6.2:
  version "0.6.2"
  resolved "https://registry.yarnpkg.com/cannon/-/cannon-0.6.2.tgz#1e7bc72dd5841982f3c104c2bc578bfa4fb1c572"
  integrity sha1-HnvHLdWEGYLzwQTCvFeL+k+xxXI=

keycode@^2.2.0:
  version "2.2.0"
  resolved "https://registry.yarnpkg.com/keycode/-/keycode-2.2.0.tgz#3d0af56dc7b8b8e5cba8d0a97f107204eec22b04"
  integrity sha1-PQr1bce4uOXLqNCpfxByBO7CKwQ=

lodash@^4.17.15:
  version "4.17.15"
  resolved "https://registry.yarnpkg.com/lodash/-/lodash-4.17.15.tgz#b447f6670a0455bbfeedd11392eff330ea097548"
  integrity sha512-8xOcRHvCjnocdS5cpwXQXVzmmh5e5+saE2QGoeQmbKmRS6J3VQppPOIt0MnmE+4xlZoumy0GPG0D0MVIQbNA1A==

postprocessing@^6.8.8:
  version "6.8.8"
  resolved "https://registry.yarnpkg.com/postprocessing/-/postprocessing-6.8.8.tgz#59a97e8372f6c0c62bb1d41c05bd54c6bde58146"
  integrity sha512-U1id42f/38cMmzWmR98UuWXyYJ8UGTDoLabDskcC2AbTqfjtvbLI5/EM8GS+xAx1bwW+30TLIMAUtoWWeVTw1A==

three@^0.110.0:
  version "0.110.0"
  resolved "https://registry.yarnpkg.com/three/-/three-0.110.0.tgz#8719591de1336269113ee79f4268ba247b2324f8"
  integrity sha512-wlurH8XBO9Sd5VIw8nBa+taLR20kqaI4e9FiuMh6tqK8eOS2q2R+ZoUyufbyDTVTHhs8GiTbv0r2CMLkwerFJg==

typescript@^3.7.2:
  version "3.7.2"
  resolved "https://registry.yarnpkg.com/typescript/-/typescript-3.7.2.tgz#27e489b95fa5909445e9fef5ee48d81697ad18fb"
  integrity sha512-ml7V7JfiN2Xwvcer+XAf2csGO1bPBdRbFCkYBczNZggrBZ9c7G3riSUeJmqEU5uOtXNPMhE3n+R4FA/3YOAWOQ==

uuid@^3.3.3:
  version "3.3.3"
  resolved "https://registry.yarnpkg.com/uuid/-/uuid-3.3.3.tgz#4568f0216e78760ee1dbf3a4d2cf53e224112866"
  integrity sha512-pW0No1RGHgzlpHJO1nsVrHKpOEIxkGg1xB+v0ZmdNH5OAeAwzAVrCnI2/6Mtx+Uys6iaylxa+D3g4j63IKKjSQ==
